
Microsoft Visual Studio Solution File, Format Version 11.00
# Visual Studio 2010
Project("{FAE04EC0-301F-11D3-BF4B-00C04F79EFBC}") = "Ncar", "Assembly-CSharp.csproj", "{0D6D1C98-3584-1A63-4281-0E171B4203C2}"
EndProject
Project("{FAE04EC0-301F-11D3-BF4B-00C04F79EFBC}") = "Ncar", "Assembly-CSharp-Editor.csproj", "{AA059A3A-BE50-5921-B117-0079B5A1CA61}"
EndProject
Global
	GlobalSection(SolutionConfigurationPlatforms) = preSolution
		Debug|Any CPU = Debug|Any CPU
		Release|Any CPU = Release|Any CPU
	EndGlobalSection
	GlobalSection(ProjectConfigurationPlatforms) = postSolution
		{0D6D1C98-3584-1A63-4281-0E171B4203C2}.Debug|Any CPU.ActiveCfg = Debug|Any CPU
		{0D6D1C98-3584-1A63-4281-0E171B4203C2}.Debug|Any CPU.Build.0 = Debug|Any CPU
		{0D6D1C98-3584-1A63-4281-0E171B4203C2}.Release|Any CPU.ActiveCfg = Release|Any CPU
		{0D6D1C98-3584-1A63-4281-0E171B4203C2}.Release|Any CPU.Build.0 = Release|Any CPU
		{AA059A3A-BE50-5921-B117-0079B5A1CA61}.Debug|Any CPU.ActiveCfg = Debug|Any CPU
		{AA059A3A-BE50-5921-B117-0079B5A1CA61}.Debug|Any CPU.Build.0 = Debug|Any CPU
		{AA059A3A-BE50-5921-B117-0079B5A1CA61}.Release|Any CPU.ActiveCfg = Release|Any CPU
		{AA059A3A-BE50-5921-B117-0079B5A1CA61}.Release|Any CPU.Build.0 = Release|Any CPU
	EndGlobalSection
	GlobalSection(SolutionProperties) = preSolution
		HideSolutionNode = FALSE
	EndGlobalSection
	GlobalSection(MonoDevelopProperties) = preSolution
		StartupItem = Assembly-CSharp.csproj
	EndGlobalSection
EndGlobal
